
Microsoft Visual Studio Solution File, Format Version 12.00
# Visual Studio 15

VisualStudioVersion = 15.0.28010.2050
MinimumVisualStudioVersion = 10.0.40219.1
Project("{2150E333-8FDC-42A3-9474-1A3956D46DE8}") = "Test", "Test", "{CF3A5A11-3C7F-4DAF-8983-43B43D7F7A2F}"
EndProject
Project("{2150E333-8FDC-42A3-9474-1A3956D46DE8}") = "Desktop", "Desktop", "{7D7E645B-97AE-48F4-868A-54BEF948503F}"
EndProject
Project("{FAE04EC0-301F-11D3-BF4B-00C04F79EFBC}") = "Victoria.DesktopApp", "Source\App\Victoria.DesktopApp\Victoria.DesktopApp.csproj", "{27CED651-AD69-4090-8E8A-DFDE0CB64920}"
EndProject
Project("{2150E333-8FDC-42A3-9474-1A3956D46DE8}") = "Shared", "Shared", "{E9D06350-B3E1-4831-A4DF-39DDEEBEF034}"
EndProject
Project("{2150E333-8FDC-42A3-9474-1A3956D46DE8}") = "Model", "Model", "{3DC091EF-6413-4B39-A0BC-45F970C62D70}"
EndProject
Project("{2150E333-8FDC-42A3-9474-1A3956D46DE8}") = "ViewModel", "ViewModel", "{9B6BD93D-136C-4D1D-848E-16F6C62ED911}"
EndProject
Project("{FAE04EC0-301F-11D3-BF4B-00C04F79EFBC}") = "Victoria.ViewModelWPF", "Source\Shared\Victoria.ViewModelWPF\Victoria.ViewModelWPF.csproj", "{9AC9CC25-7A73-489E-8E4A-739ACFE0417C}"
EndProject
Project("{FAE04EC0-301F-11D3-BF4B-00C04F79EFBC}") = "Victoria.ModelWPF", "Victoria.ModelWPF\Victoria.ModelWPF.csproj", "{D5469314-5082-4BD7-ACD3-86552FA568B6}"
EndProject
Project("{FAE04EC0-301F-11D3-BF4B-00C04F79EFBC}") = "Victoria.UI.SharedWPF", "Victoria.UI.SharedWPF\Victoria.UI.SharedWPF.csproj", "{E010CE95-AAA0-415C-A1D2-30493163B806}"
EndProject
Project("{2150E333-8FDC-42A3-9474-1A3956D46DE8}") = ".nuget", ".nuget", "{FED53D96-7C04-4150-ACEC-3D1E88AED70F}"
	ProjectSection(SolutionItems) = preProject
		.nuget\NuGet.Config = .nuget\NuGet.Config
		.nuget\NuGet.exe = .nuget\NuGet.exe
		.nuget\NuGet.targets = .nuget\NuGet.targets
	EndProjectSection
EndProject
Project("{FAE04EC0-301F-11D3-BF4B-00C04F79EFBC}") = "Victoria.Shared", "Victoria.Shared\Victoria.Shared.csproj", "{04C5CEFB-AD91-42A7-A493-20B2EEA918DC}"
EndProject
Project("{930C7802-8A8C-48F9-8165-68863BCCD9DD}") = "Setup", "Setup\Setup.wixproj", "{A52B6316-59EB-445D-A946-CBBA0AA0AEE4}"
EndProject
Project("{FAE04EC0-301F-11D3-BF4B-00C04F79EFBC}") = "Victoria.Shared.Tests", "Victoria.Shared.Tests\Victoria.Shared.Tests.csproj", "{DE1D303F-DC88-48F7-87DF-00F80ABE1EA5}"
EndProject
Project("{FAE04EC0-301F-11D3-BF4B-00C04F79EFBC}") = "Victoria.FormulaParser", "Victoria.FormulaParser\Victoria.FormulaParser.csproj", "{E54DC0C5-2EB1-4966-87D7-E74E105AB314}"
EndProject
Project("{FAE04EC0-301F-11D3-BF4B-00C04F79EFBC}") = "Victoria.FormulaParser.Tests", "Victoria.FormulaParser.Tests\Victoria.FormulaParser.Tests.csproj", "{0EA3E5E1-2431-4626-AE83-60D8939DD53E}"
EndProject
Project("{2150E333-8FDC-42A3-9474-1A3956D46DE8}") = "Kairos", "Kairos", "{FC2FD7DB-3446-49C0-8F0D-D3E69BA358E5}"
EndProject
Project("{FAE04EC0-301F-11D3-BF4B-00C04F79EFBC}") = "Kairos", "..\Kairos\Kairos\Kairos.csproj", "{64FDA1D1-B3C5-4263-A37A-D7964732943E}"
EndProject
Global
	GlobalSection(SolutionConfigurationPlatforms) = preSolution
		CD_ROM|Any CPU = CD_ROM|Any CPU
		CD_ROM|Mixed Platforms = CD_ROM|Mixed Platforms
		CD_ROM|x64 = CD_ROM|x64
		CD_ROM|x86 = CD_ROM|x86
		Debug|Any CPU = Debug|Any CPU
		Debug|Mixed Platforms = Debug|Mixed Platforms
		Debug|x64 = Debug|x64
		Debug|x86 = Debug|x86
		DVD-5|Any CPU = DVD-5|Any CPU
		DVD-5|Mixed Platforms = DVD-5|Mixed Platforms
		DVD-5|x64 = DVD-5|x64
		DVD-5|x86 = DVD-5|x86
		Release|Any CPU = Release|Any CPU
		Release|Mixed Platforms = Release|Mixed Platforms
		Release|x64 = Release|x64
		Release|x86 = Release|x86
		SingleImage|Any CPU = SingleImage|Any CPU
		SingleImage|Mixed Platforms = SingleImage|Mixed Platforms
		SingleImage|x64 = SingleImage|x64
		SingleImage|x86 = SingleImage|x86
	EndGlobalSection
	GlobalSection(ProjectConfigurationPlatforms) = postSolution
		{27CED651-AD69-4090-8E8A-DFDE0CB64920}.CD_ROM|Any CPU.ActiveCfg = Release|Any CPU
		{27CED651-AD69-4090-8E8A-DFDE0CB64920}.CD_ROM|Any CPU.Build.0 = Release|Any CPU
		{27CED651-AD69-4090-8E8A-DFDE0CB64920}.CD_ROM|Mixed Platforms.ActiveCfg = Debug|Any CPU
		{27CED651-AD69-4090-8E8A-DFDE0CB64920}.CD_ROM|Mixed Platforms.Build.0 = Debug|Any CPU
		{27CED651-AD69-4090-8E8A-DFDE0CB64920}.CD_ROM|x64.ActiveCfg = Debug|Any CPU
		{27CED651-AD69-4090-8E8A-DFDE0CB64920}.CD_ROM|x64.Build.0 = Debug|Any CPU
		{27CED651-AD69-4090-8E8A-DFDE0CB64920}.CD_ROM|x86.ActiveCfg = Debug|Any CPU
		{27CED651-AD69-4090-8E8A-DFDE0CB64920}.Debug|Any CPU.ActiveCfg = Debug|Any CPU
		{27CED651-AD69-4090-8E8A-DFDE0CB64920}.Debug|Any CPU.Build.0 = Debug|Any CPU
		{27CED651-AD69-4090-8E8A-DFDE0CB64920}.Debug|Mixed Platforms.ActiveCfg = Debug|Any CPU
		{27CED651-AD69-4090-8E8A-DFDE0CB64920}.Debug|Mixed Platforms.Build.0 = Debug|Any CPU
		{27CED651-AD69-4090-8E8A-DFDE0CB64920}.Debug|x64.ActiveCfg = Debug|Any CPU
		{27CED651-AD69-4090-8E8A-DFDE0CB64920}.Debug|x64.Build.0 = Debug|Any CPU
		{27CED651-AD69-4090-8E8A-DFDE0CB64920}.Debug|x86.ActiveCfg = Debug|Any CPU
		{27CED651-AD69-4090-8E8A-DFDE0CB64920}.DVD-5|Any CPU.ActiveCfg = Debug|Any CPU
		{27CED651-AD69-4090-8E8A-DFDE0CB64920}.DVD-5|Any CPU.Build.0 = Debug|Any CPU
		{27CED651-AD69-4090-8E8A-DFDE0CB64920}.DVD-5|Mixed Platforms.ActiveCfg = Debug|Any CPU
		{27CED651-AD69-4090-8E8A-DFDE0CB64920}.DVD-5|Mixed Platforms.Build.0 = Debug|Any CPU
		{27CED651-AD69-4090-8E8A-DFDE0CB64920}.DVD-5|x64.ActiveCfg = Debug|Any CPU
		{27CED651-AD69-4090-8E8A-DFDE0CB64920}.DVD-5|x64.Build.0 = Debug|Any CPU
		{27CED651-AD69-4090-8E8A-DFDE0CB64920}.DVD-5|x86.ActiveCfg = Debug|Any CPU
		{27CED651-AD69-4090-8E8A-DFDE0CB64920}.Release|Any CPU.ActiveCfg = Release|Any CPU
		{27CED651-AD69-4090-8E8A-DFDE0CB64920}.Release|Any CPU.Build.0 = Release|Any CPU
		{27CED651-AD69-4090-8E8A-DFDE0CB64920}.Release|Mixed Platforms.ActiveCfg = Release|Any CPU
		{27CED651-AD69-4090-8E8A-DFDE0CB64920}.Release|Mixed Platforms.Build.0 = Release|Any CPU
		{27CED651-AD69-4090-8E8A-DFDE0CB64920}.Release|x64.ActiveCfg = Release|Any CPU
		{27CED651-AD69-4090-8E8A-DFDE0CB64920}.Release|x64.Build.0 = Release|Any CPU
		{27CED651-AD69-4090-8E8A-DFDE0CB64920}.Release|x86.ActiveCfg = Release|Any CPU
		{27CED651-AD69-4090-8E8A-DFDE0CB64920}.SingleImage|Any CPU.ActiveCfg = Release|Any CPU
		{27CED651-AD69-4090-8E8A-DFDE0CB64920}.SingleImage|Any CPU.Build.0 = Release|Any CPU
		{27CED651-AD69-4090-8E8A-DFDE0CB64920}.SingleImage|Mixed Platforms.ActiveCfg = Debug|Any CPU
		{27CED651-AD69-4090-8E8A-DFDE0CB64920}.SingleImage|Mixed Platforms.Build.0 = Debug|Any CPU
		{27CED651-AD69-4090-8E8A-DFDE0CB64920}.SingleImage|x64.ActiveCfg = Debug|Any CPU
		{27CED651-AD69-4090-8E8A-DFDE0CB64920}.SingleImage|x64.Build.0 = Debug|Any CPU
		{27CED651-AD69-4090-8E8A-DFDE0CB64920}.SingleImage|x86.ActiveCfg = Debug|Any CPU
		{9AC9CC25-7A73-489E-8E4A-739ACFE0417C}.CD_ROM|Any CPU.ActiveCfg = Release|Any CPU
		{9AC9CC25-7A73-489E-8E4A-739ACFE0417C}.CD_ROM|Any CPU.Build.0 = Release|Any CPU
		{9AC9CC25-7A73-489E-8E4A-739ACFE0417C}.CD_ROM|Mixed Platforms.ActiveCfg = Debug|Any CPU
		{9AC9CC25-7A73-489E-8E4A-739ACFE0417C}.CD_ROM|Mixed Platforms.Build.0 = Debug|Any CPU
		{9AC9CC25-7A73-489E-8E4A-739ACFE0417C}.CD_ROM|x64.ActiveCfg = Debug|Any CPU
		{9AC9CC25-7A73-489E-8E4A-739ACFE0417C}.CD_ROM|x64.Build.0 = Debug|Any CPU
		{9AC9CC25-7A73-489E-8E4A-739ACFE0417C}.CD_ROM|x86.ActiveCfg = Debug|Any CPU
		{9AC9CC25-7A73-489E-8E4A-739ACFE0417C}.Debug|Any CPU.ActiveCfg = Debug|Any CPU
		{9AC9CC25-7A73-489E-8E4A-739ACFE0417C}.Debug|Any CPU.Build.0 = Debug|Any CPU
		{9AC9CC25-7A73-489E-8E4A-739ACFE0417C}.Debug|Mixed Platforms.ActiveCfg = Debug|Any CPU
		{9AC9CC25-7A73-489E-8E4A-739ACFE0417C}.Debug|Mixed Platforms.Build.0 = Debug|Any CPU
		{9AC9CC25-7A73-489E-8E4A-739ACFE0417C}.Debug|x64.ActiveCfg = Debug|Any CPU
		{9AC9CC25-7A73-489E-8E4A-739ACFE0417C}.Debug|x64.Build.0 = Debug|Any CPU
		{9AC9CC25-7A73-489E-8E4A-739ACFE0417C}.Debug|x86.ActiveCfg = Debug|Any CPU
		{9AC9CC25-7A73-489E-8E4A-739ACFE0417C}.DVD-5|Any CPU.ActiveCfg = Debug|Any CPU
		{9AC9CC25-7A73-489E-8E4A-739ACFE0417C}.DVD-5|Any CPU.Build.0 = Debug|Any CPU
		{9AC9CC25-7A73-489E-8E4A-739ACFE0417C}.DVD-5|Mixed Platforms.ActiveCfg = Debug|Any CPU
		{9AC9CC25-7A73-489E-8E4A-739ACFE0417C}.DVD-5|Mixed Platforms.Build.0 = Debug|Any CPU
		{9AC9CC25-7A73-489E-8E4A-739ACFE0417C}.DVD-5|x64.ActiveCfg = Debug|Any CPU
		{9AC9CC25-7A73-489E-8E4A-739ACFE0417C}.DVD-5|x64.Build.0 = Debug|Any CPU
		{9AC9CC25-7A73-489E-8E4A-739ACFE0417C}.DVD-5|x86.ActiveCfg = Debug|Any CPU
		{9AC9CC25-7A73-489E-8E4A-739ACFE0417C}.Release|Any CPU.ActiveCfg = Release|Any CPU
		{9AC9CC25-7A73-489E-8E4A-739ACFE0417C}.Release|Any CPU.Build.0 = Release|Any CPU
		{9AC9CC25-7A73-489E-8E4A-739ACFE0417C}.Release|Mixed Platforms.ActiveCfg = Release|Any CPU
		{9AC9CC25-7A73-489E-8E4A-739ACFE0417C}.Release|Mixed Platforms.Build.0 = Release|Any CPU
		{9AC9CC25-7A73-489E-8E4A-739ACFE0417C}.Release|x64.ActiveCfg = Release|Any CPU
		{9AC9CC25-7A73-489E-8E4A-739ACFE0417C}.Release|x64.Build.0 = Release|Any CPU
		{9AC9CC25-7A73-489E-8E4A-739ACFE0417C}.Release|x86.ActiveCfg = Release|Any CPU
		{9AC9CC25-7A73-489E-8E4A-739ACFE0417C}.SingleImage|Any CPU.ActiveCfg = Release|Any CPU
		{9AC9CC25-7A73-489E-8E4A-739ACFE0417C}.SingleImage|Any CPU.Build.0 = Release|Any CPU
		{9AC9CC25-7A73-489E-8E4A-739ACFE0417C}.SingleImage|Mixed Platforms.ActiveCfg = Debug|Any CPU
		{9AC9CC25-7A73-489E-8E4A-739ACFE0417C}.SingleImage|Mixed Platforms.Build.0 = Debug|Any CPU
		{9AC9CC25-7A73-489E-8E4A-739ACFE0417C}.SingleImage|x64.ActiveCfg = Debug|Any CPU
		{9AC9CC25-7A73-489E-8E4A-739ACFE0417C}.SingleImage|x64.Build.0 = Debug|Any CPU
		{9AC9CC25-7A73-489E-8E4A-739ACFE0417C}.SingleImage|x86.ActiveCfg = Debug|Any CPU
		{D5469314-5082-4BD7-ACD3-86552FA568B6}.CD_ROM|Any CPU.ActiveCfg = Release|Any CPU
		{D5469314-5082-4BD7-ACD3-86552FA568B6}.CD_ROM|Any CPU.Build.0 = Release|Any CPU
		{D5469314-5082-4BD7-ACD3-86552FA568B6}.CD_ROM|Mixed Platforms.ActiveCfg = Debug|Any CPU
		{D5469314-5082-4BD7-ACD3-86552FA568B6}.CD_ROM|Mixed Platforms.Build.0 = Debug|Any CPU
		{D5469314-5082-4BD7-ACD3-86552FA568B6}.CD_ROM|x64.ActiveCfg = Debug|Any CPU
		{D5469314-5082-4BD7-ACD3-86552FA568B6}.CD_ROM|x64.Build.0 = Debug|Any CPU
		{D5469314-5082-4BD7-ACD3-86552FA568B6}.CD_ROM|x86.ActiveCfg = Debug|Any CPU
		{D5469314-5082-4BD7-ACD3-86552FA568B6}.Debug|Any CPU.ActiveCfg = Debug|Any CPU
		{D5469314-5082-4BD7-ACD3-86552FA568B6}.Debug|Any CPU.Build.0 = Debug|Any CPU
		{D5469314-5082-4BD7-ACD3-86552FA568B6}.Debug|Mixed Platforms.ActiveCfg = Debug|Any CPU
		{D5469314-5082-4BD7-ACD3-86552FA568B6}.Debug|Mixed Platforms.Build.0 = Debug|Any CPU
		{D5469314-5082-4BD7-ACD3-86552FA568B6}.Debug|x64.ActiveCfg = Debug|Any CPU
		{D5469314-5082-4BD7-ACD3-86552FA568B6}.Debug|x64.Build.0 = Debug|Any CPU
		{D5469314-5082-4BD7-ACD3-86552FA568B6}.Debug|x86.ActiveCfg = Debug|Any CPU
		{D5469314-5082-4BD7-ACD3-86552FA568B6}.DVD-5|Any CPU.ActiveCfg = Debug|Any CPU
		{D5469314-5082-4BD7-ACD3-86552FA568B6}.DVD-5|Any CPU.Build.0 = Debug|Any CPU
		{D5469314-5082-4BD7-ACD3-86552FA568B6}.DVD-5|Mixed Platforms.ActiveCfg = Debug|Any CPU
		{D5469314-5082-4BD7-ACD3-86552FA568B6}.DVD-5|Mixed Platforms.Build.0 = Debug|Any CPU
		{D5469314-5082-4BD7-ACD3-86552FA568B6}.DVD-5|x64.ActiveCfg = Debug|Any CPU
		{D5469314-5082-4BD7-ACD3-86552FA568B6}.DVD-5|x64.Build.0 = Debug|Any CPU
		{D5469314-5082-4BD7-ACD3-86552FA568B6}.DVD-5|x86.ActiveCfg = Debug|Any CPU
		{D5469314-5082-4BD7-ACD3-86552FA568B6}.Release|Any CPU.ActiveCfg = Release|Any CPU
		{D5469314-5082-4BD7-ACD3-86552FA568B6}.Release|Any CPU.Build.0 = Release|Any CPU
		{D5469314-5082-4BD7-ACD3-86552FA568B6}.Release|Mixed Platforms.ActiveCfg = Release|Any CPU
		{D5469314-5082-4BD7-ACD3-86552FA568B6}.Release|Mixed Platforms.Build.0 = Release|Any CPU
		{D5469314-5082-4BD7-ACD3-86552FA568B6}.Release|x64.ActiveCfg = Release|Any CPU
		{D5469314-5082-4BD7-ACD3-86552FA568B6}.Release|x64.Build.0 = Release|Any CPU
		{D5469314-5082-4BD7-ACD3-86552FA568B6}.Release|x86.ActiveCfg = Release|Any CPU
		{D5469314-5082-4BD7-ACD3-86552FA568B6}.SingleImage|Any CPU.ActiveCfg = Release|Any CPU
		{D5469314-5082-4BD7-ACD3-86552FA568B6}.SingleImage|Any CPU.Build.0 = Release|Any CPU
		{D5469314-5082-4BD7-ACD3-86552FA568B6}.SingleImage|Mixed Platforms.ActiveCfg = Debug|Any CPU
		{D5469314-5082-4BD7-ACD3-86552FA568B6}.SingleImage|Mixed Platforms.Build.0 = Debug|Any CPU
		{D5469314-5082-4BD7-ACD3-86552FA568B6}.SingleImage|x64.ActiveCfg = Debug|Any CPU
		{D5469314-5082-4BD7-ACD3-86552FA568B6}.SingleImage|x64.Build.0 = Debug|Any CPU
		{D5469314-5082-4BD7-ACD3-86552FA568B6}.SingleImage|x86.ActiveCfg = Debug|Any CPU
		{E010CE95-AAA0-415C-A1D2-30493163B806}.CD_ROM|Any CPU.ActiveCfg = Release|Any CPU
		{E010CE95-AAA0-415C-A1D2-30493163B806}.CD_ROM|Any CPU.Build.0 = Release|Any CPU
		{E010CE95-AAA0-415C-A1D2-30493163B806}.CD_ROM|Mixed Platforms.ActiveCfg = Debug|Any CPU
		{E010CE95-AAA0-415C-A1D2-30493163B806}.CD_ROM|Mixed Platforms.Build.0 = Debug|Any CPU
		{E010CE95-AAA0-415C-A1D2-30493163B806}.CD_ROM|x64.ActiveCfg = Debug|Any CPU
		{E010CE95-AAA0-415C-A1D2-30493163B806}.CD_ROM|x64.Build.0 = Debug|Any CPU
		{E010CE95-AAA0-415C-A1D2-30493163B806}.CD_ROM|x86.ActiveCfg = Debug|Any CPU
		{E010CE95-AAA0-415C-A1D2-30493163B806}.Debug|Any CPU.ActiveCfg = Debug|Any CPU
		{E010CE95-AAA0-415C-A1D2-30493163B806}.Debug|Any CPU.Build.0 = Debug|Any CPU
		{E010CE95-AAA0-415C-A1D2-30493163B806}.Debug|Mixed Platforms.ActiveCfg = Debug|Any CPU
		{E010CE95-AAA0-415C-A1D2-30493163B806}.Debug|Mixed Platforms.Build.0 = Debug|Any CPU
		{E010CE95-AAA0-415C-A1D2-30493163B806}.Debug|x64.ActiveCfg = Debug|Any CPU
		{E010CE95-AAA0-415C-A1D2-30493163B806}.Debug|x64.Build.0 = Debug|Any CPU
		{E010CE95-AAA0-415C-A1D2-30493163B806}.Debug|x86.ActiveCfg = Debug|Any CPU
		{E010CE95-AAA0-415C-A1D2-30493163B806}.DVD-5|Any CPU.ActiveCfg = Debug|Any CPU
		{E010CE95-AAA0-415C-A1D2-30493163B806}.DVD-5|Any CPU.Build.0 = Debug|Any CPU
		{E010CE95-AAA0-415C-A1D2-30493163B806}.DVD-5|Mixed Platforms.ActiveCfg = Debug|Any CPU
		{E010CE95-AAA0-415C-A1D2-30493163B806}.DVD-5|Mixed Platforms.Build.0 = Debug|Any CPU
		{E010CE95-AAA0-415C-A1D2-30493163B806}.DVD-5|x64.ActiveCfg = Debug|Any CPU
		{E010CE95-AAA0-415C-A1D2-30493163B806}.DVD-5|x64.Build.0 = Debug|Any CPU
		{E010CE95-AAA0-415C-A1D2-30493163B806}.DVD-5|x86.ActiveCfg = Debug|Any CPU
		{E010CE95-AAA0-415C-A1D2-30493163B806}.Release|Any CPU.ActiveCfg = Release|Any CPU
		{E010CE95-AAA0-415C-A1D2-30493163B806}.Release|Any CPU.Build.0 = Release|Any CPU
		{E010CE95-AAA0-415C-A1D2-30493163B806}.Release|Mixed Platforms.ActiveCfg = Release|Any CPU
		{E010CE95-AAA0-415C-A1D2-30493163B806}.Release|Mixed Platforms.Build.0 = Release|Any CPU
		{E010CE95-AAA0-415C-A1D2-30493163B806}.Release|x64.ActiveCfg = Release|Any CPU
		{E010CE95-AAA0-415C-A1D2-30493163B806}.Release|x64.Build.0 = Release|Any CPU
		{E010CE95-AAA0-415C-A1D2-30493163B806}.Release|x86.ActiveCfg = Release|Any CPU
		{E010CE95-AAA0-415C-A1D2-30493163B806}.SingleImage|Any CPU.ActiveCfg = Release|Any CPU
		{E010CE95-AAA0-415C-A1D2-30493163B806}.SingleImage|Any CPU.Build.0 = Release|Any CPU
		{E010CE95-AAA0-415C-A1D2-30493163B806}.SingleImage|Mixed Platforms.ActiveCfg = Debug|Any CPU
		{E010CE95-AAA0-415C-A1D2-30493163B806}.SingleImage|Mixed Platforms.Build.0 = Debug|Any CPU
		{E010CE95-AAA0-415C-A1D2-30493163B806}.SingleImage|x64.ActiveCfg = Debug|Any CPU
		{E010CE95-AAA0-415C-A1D2-30493163B806}.SingleImage|x64.Build.0 = Debug|Any CPU
		{E010CE95-AAA0-415C-A1D2-30493163B806}.SingleImage|x86.ActiveCfg = Debug|Any CPU
		{04C5CEFB-AD91-42A7-A493-20B2EEA918DC}.CD_ROM|Any CPU.ActiveCfg = Release|Any CPU
		{04C5CEFB-AD91-42A7-A493-20B2EEA918DC}.CD_ROM|Any CPU.Build.0 = Release|Any CPU
		{04C5CEFB-AD91-42A7-A493-20B2EEA918DC}.CD_ROM|Mixed Platforms.ActiveCfg = Debug|Any CPU
		{04C5CEFB-AD91-42A7-A493-20B2EEA918DC}.CD_ROM|Mixed Platforms.Build.0 = Debug|Any CPU
		{04C5CEFB-AD91-42A7-A493-20B2EEA918DC}.CD_ROM|x64.ActiveCfg = Debug|Any CPU
		{04C5CEFB-AD91-42A7-A493-20B2EEA918DC}.CD_ROM|x64.Build.0 = Debug|Any CPU
		{04C5CEFB-AD91-42A7-A493-20B2EEA918DC}.CD_ROM|x86.ActiveCfg = Debug|Any CPU
		{04C5CEFB-AD91-42A7-A493-20B2EEA918DC}.Debug|Any CPU.ActiveCfg = Debug|Any CPU
		{04C5CEFB-AD91-42A7-A493-20B2EEA918DC}.Debug|Any CPU.Build.0 = Debug|Any CPU
		{04C5CEFB-AD91-42A7-A493-20B2EEA918DC}.Debug|Mixed Platforms.ActiveCfg = Debug|Any CPU
		{04C5CEFB-AD91-42A7-A493-20B2EEA918DC}.Debug|Mixed Platforms.Build.0 = Debug|Any CPU
		{04C5CEFB-AD91-42A7-A493-20B2EEA918DC}.Debug|x64.ActiveCfg = Debug|Any CPU
		{04C5CEFB-AD91-42A7-A493-20B2EEA918DC}.Debug|x64.Build.0 = Debug|Any CPU
		{04C5CEFB-AD91-42A7-A493-20B2EEA918DC}.Debug|x86.ActiveCfg = Debug|Any CPU
		{04C5CEFB-AD91-42A7-A493-20B2EEA918DC}.DVD-5|Any CPU.ActiveCfg = Debug|Any CPU
		{04C5CEFB-AD91-42A7-A493-20B2EEA918DC}.DVD-5|Any CPU.Build.0 = Debug|Any CPU
		{04C5CEFB-AD91-42A7-A493-20B2EEA918DC}.DVD-5|Mixed Platforms.ActiveCfg = Debug|Any CPU
		{04C5CEFB-AD91-42A7-A493-20B2EEA918DC}.DVD-5|Mixed Platforms.Build.0 = Debug|Any CPU
		{04C5CEFB-AD91-42A7-A493-20B2EEA918DC}.DVD-5|x64.ActiveCfg = Debug|Any CPU
		{04C5CEFB-AD91-42A7-A493-20B2EEA918DC}.DVD-5|x64.Build.0 = Debug|Any CPU
		{04C5CEFB-AD91-42A7-A493-20B2EEA918DC}.DVD-5|x86.ActiveCfg = Debug|Any CPU
		{04C5CEFB-AD91-42A7-A493-20B2EEA918DC}.Release|Any CPU.ActiveCfg = Release|Any CPU
		{04C5CEFB-AD91-42A7-A493-20B2EEA918DC}.Release|Any CPU.Build.0 = Release|Any CPU
		{04C5CEFB-AD91-42A7-A493-20B2EEA918DC}.Release|Mixed Platforms.ActiveCfg = Release|Any CPU
		{04C5CEFB-AD91-42A7-A493-20B2EEA918DC}.Release|Mixed Platforms.Build.0 = Release|Any CPU
		{04C5CEFB-AD91-42A7-A493-20B2EEA918DC}.Release|x64.ActiveCfg = Release|Any CPU
		{04C5CEFB-AD91-42A7-A493-20B2EEA918DC}.Release|x64.Build.0 = Release|Any CPU
		{04C5CEFB-AD91-42A7-A493-20B2EEA918DC}.Release|x86.ActiveCfg = Release|Any CPU
		{04C5CEFB-AD91-42A7-A493-20B2EEA918DC}.SingleImage|Any CPU.ActiveCfg = Release|Any CPU
		{04C5CEFB-AD91-42A7-A493-20B2EEA918DC}.SingleImage|Any CPU.Build.0 = Release|Any CPU
		{04C5CEFB-AD91-42A7-A493-20B2EEA918DC}.SingleImage|Mixed Platforms.ActiveCfg = Debug|Any CPU
		{04C5CEFB-AD91-42A7-A493-20B2EEA918DC}.SingleImage|Mixed Platforms.Build.0 = Debug|Any CPU
		{04C5CEFB-AD91-42A7-A493-20B2EEA918DC}.SingleImage|x64.ActiveCfg = Debug|Any CPU
		{04C5CEFB-AD91-42A7-A493-20B2EEA918DC}.SingleImage|x64.Build.0 = Debug|Any CPU
		{04C5CEFB-AD91-42A7-A493-20B2EEA918DC}.SingleImage|x86.ActiveCfg = Debug|Any CPU
		{A52B6316-59EB-445D-A946-CBBA0AA0AEE4}.CD_ROM|Any CPU.ActiveCfg = Release|x86
		{A52B6316-59EB-445D-A946-CBBA0AA0AEE4}.CD_ROM|Mixed Platforms.ActiveCfg = Release|x86
		{A52B6316-59EB-445D-A946-CBBA0AA0AEE4}.CD_ROM|Mixed Platforms.Build.0 = Release|x86
		{A52B6316-59EB-445D-A946-CBBA0AA0AEE4}.CD_ROM|x64.ActiveCfg = Debug|x86
		{A52B6316-59EB-445D-A946-CBBA0AA0AEE4}.CD_ROM|x64.Build.0 = Debug|x86
		{A52B6316-59EB-445D-A946-CBBA0AA0AEE4}.CD_ROM|x86.ActiveCfg = Release|x86
		{A52B6316-59EB-445D-A946-CBBA0AA0AEE4}.CD_ROM|x86.Build.0 = Release|x86
		{A52B6316-59EB-445D-A946-CBBA0AA0AEE4}.Debug|Any CPU.ActiveCfg = Debug|x86
		{A52B6316-59EB-445D-A946-CBBA0AA0AEE4}.Debug|Mixed Platforms.ActiveCfg = Debug|x86
		{A52B6316-59EB-445D-A946-CBBA0AA0AEE4}.Debug|x86.ActiveCfg = Debug|x86
		{A52B6316-59EB-445D-A946-CBBA0AA0AEE4}.Debug|x86.Build.0 = Debug|x86
		{A52B6316-59EB-445D-A946-CBBA0AA0AEE4}.DVD-5|Any CPU.ActiveCfg = Debug|x86
		{A52B6316-59EB-445D-A946-CBBA0AA0AEE4}.DVD-5|Mixed Platforms.ActiveCfg = Debug|x86
		{A52B6316-59EB-445D-A946-CBBA0AA0AEE4}.DVD-5|Mixed Platforms.Build.0 = Debug|x86
		{A52B6316-59EB-445D-A946-CBBA0AA0AEE4}.DVD-5|x64.ActiveCfg = Debug|x86
		{A52B6316-59EB-445D-A946-CBBA0AA0AEE4}.DVD-5|x64.Build.0 = Debug|x86
		{A52B6316-59EB-445D-A946-CBBA0AA0AEE4}.DVD-5|x86.ActiveCfg = Debug|x86
		{A52B6316-59EB-445D-A946-CBBA0AA0AEE4}.DVD-5|x86.Build.0 = Debug|x86
		{A52B6316-59EB-445D-A946-CBBA0AA0AEE4}.Release|Any CPU.ActiveCfg = Release|x86
		{A52B6316-59EB-445D-A946-CBBA0AA0AEE4}.Release|Mixed Platforms.ActiveCfg = Release|x86
		{A52B6316-59EB-445D-A946-CBBA0AA0AEE4}.Release|Mixed Platforms.Build.0 = Release|x86
		{A52B6316-59EB-445D-A946-CBBA0AA0AEE4}.Release|x64.ActiveCfg = Release|x86
		{A52B6316-59EB-445D-A946-CBBA0AA0AEE4}.Release|x86.ActiveCfg = Release|x86
		{A52B6316-59EB-445D-A946-CBBA0AA0AEE4}.Release|x86.Build.0 = Release|x86
		{A52B6316-59EB-445D-A946-CBBA0AA0AEE4}.SingleImage|Any CPU.ActiveCfg = Release|x86
		{A52B6316-59EB-445D-A946-CBBA0AA0AEE4}.SingleImage|Mixed Platforms.ActiveCfg = Release|x86
		{A52B6316-59EB-445D-A946-CBBA0AA0AEE4}.SingleImage|Mixed Platforms.Build.0 = Release|x86
		{A52B6316-59EB-445D-A946-CBBA0AA0AEE4}.SingleImage|x64.ActiveCfg = Debug|x86
		{A52B6316-59EB-445D-A946-CBBA0AA0AEE4}.SingleImage|x64.Build.0 = Debug|x86
		{A52B6316-59EB-445D-A946-CBBA0AA0AEE4}.SingleImage|x86.ActiveCfg = Release|x86
		{A52B6316-59EB-445D-A946-CBBA0AA0AEE4}.SingleImage|x86.Build.0 = Release|x86
		{DE1D303F-DC88-48F7-87DF-00F80ABE1EA5}.CD_ROM|Any CPU.ActiveCfg = Release|Any CPU
		{DE1D303F-DC88-48F7-87DF-00F80ABE1EA5}.CD_ROM|Any CPU.Build.0 = Release|Any CPU
		{DE1D303F-DC88-48F7-87DF-00F80ABE1EA5}.CD_ROM|Mixed Platforms.ActiveCfg = Release|Any CPU
		{DE1D303F-DC88-48F7-87DF-00F80ABE1EA5}.CD_ROM|Mixed Platforms.Build.0 = Release|Any CPU
		{DE1D303F-DC88-48F7-87DF-00F80ABE1EA5}.CD_ROM|x64.ActiveCfg = Debug|Any CPU
		{DE1D303F-DC88-48F7-87DF-00F80ABE1EA5}.CD_ROM|x64.Build.0 = Debug|Any CPU
		{DE1D303F-DC88-48F7-87DF-00F80ABE1EA5}.CD_ROM|x86.ActiveCfg = Release|Any CPU
		{DE1D303F-DC88-48F7-87DF-00F80ABE1EA5}.Debug|Any CPU.ActiveCfg = Debug|Any CPU
		{DE1D303F-DC88-48F7-87DF-00F80ABE1EA5}.Debug|Any CPU.Build.0 = Debug|Any CPU
		{DE1D303F-DC88-48F7-87DF-00F80ABE1EA5}.Debug|Mixed Platforms.ActiveCfg = Debug|Any CPU
		{DE1D303F-DC88-48F7-87DF-00F80ABE1EA5}.Debug|Mixed Platforms.Build.0 = Debug|Any CPU
		{DE1D303F-DC88-48F7-87DF-00F80ABE1EA5}.Debug|x64.ActiveCfg = Debug|Any CPU
		{DE1D303F-DC88-48F7-87DF-00F80ABE1EA5}.Debug|x64.Build.0 = Debug|Any CPU
		{DE1D303F-DC88-48F7-87DF-00F80ABE1EA5}.Debug|x86.ActiveCfg = Debug|Any CPU
		{DE1D303F-DC88-48F7-87DF-00F80ABE1EA5}.DVD-5|Any CPU.ActiveCfg = Debug|Any CPU
		{DE1D303F-DC88-48F7-87DF-00F80ABE1EA5}.DVD-5|Any CPU.Build.0 = Debug|Any CPU
		{DE1D303F-DC88-48F7-87DF-00F80ABE1EA5}.DVD-5|Mixed Platforms.ActiveCfg = Debug|Any CPU
		{DE1D303F-DC88-48F7-87DF-00F80ABE1EA5}.DVD-5|Mixed Platforms.Build.0 = Debug|Any CPU
		{DE1D303F-DC88-48F7-87DF-00F80ABE1EA5}.DVD-5|x64.ActiveCfg = Debug|Any CPU
		{DE1D303F-DC88-48F7-87DF-00F80ABE1EA5}.DVD-5|x64.Build.0 = Debug|Any CPU
		{DE1D303F-DC88-48F7-87DF-00F80ABE1EA5}.DVD-5|x86.ActiveCfg = Debug|Any CPU
		{DE1D303F-DC88-48F7-87DF-00F80ABE1EA5}.Release|Any CPU.ActiveCfg = Release|Any CPU
		{DE1D303F-DC88-48F7-87DF-00F80ABE1EA5}.Release|Any CPU.Build.0 = Release|Any CPU
		{DE1D303F-DC88-48F7-87DF-00F80ABE1EA5}.Release|Mixed Platforms.ActiveCfg = Release|Any CPU
		{DE1D303F-DC88-48F7-87DF-00F80ABE1EA5}.Release|Mixed Platforms.Build.0 = Release|Any CPU
		{DE1D303F-DC88-48F7-87DF-00F80ABE1EA5}.Release|x64.ActiveCfg = Release|Any CPU
		{DE1D303F-DC88-48F7-87DF-00F80ABE1EA5}.Release|x64.Build.0 = Release|Any CPU
		{DE1D303F-DC88-48F7-87DF-00F80ABE1EA5}.Release|x86.ActiveCfg = Release|Any CPU
		{DE1D303F-DC88-48F7-87DF-00F80ABE1EA5}.SingleImage|Any CPU.ActiveCfg = Release|Any CPU
		{DE1D303F-DC88-48F7-87DF-00F80ABE1EA5}.SingleImage|Any CPU.Build.0 = Release|Any CPU
		{DE1D303F-DC88-48F7-87DF-00F80ABE1EA5}.SingleImage|Mixed Platforms.ActiveCfg = Release|Any CPU
		{DE1D303F-DC88-48F7-87DF-00F80ABE1EA5}.SingleImage|Mixed Platforms.Build.0 = Release|Any CPU
		{DE1D303F-DC88-48F7-87DF-00F80ABE1EA5}.SingleImage|x64.ActiveCfg = Debug|Any CPU
		{DE1D303F-DC88-48F7-87DF-00F80ABE1EA5}.SingleImage|x64.Build.0 = Debug|Any CPU
		{DE1D303F-DC88-48F7-87DF-00F80ABE1EA5}.SingleImage|x86.ActiveCfg = Release|Any CPU
		{E54DC0C5-2EB1-4966-87D7-E74E105AB314}.CD_ROM|Any CPU.ActiveCfg = Release|Any CPU
		{E54DC0C5-2EB1-4966-87D7-E74E105AB314}.CD_ROM|Any CPU.Build.0 = Release|Any CPU
		{E54DC0C5-2EB1-4966-87D7-E74E105AB314}.CD_ROM|Mixed Platforms.ActiveCfg = Release|Any CPU
		{E54DC0C5-2EB1-4966-87D7-E74E105AB314}.CD_ROM|Mixed Platforms.Build.0 = Release|Any CPU
		{E54DC0C5-2EB1-4966-87D7-E74E105AB314}.CD_ROM|x64.ActiveCfg = Debug|Any CPU
		{E54DC0C5-2EB1-4966-87D7-E74E105AB314}.CD_ROM|x64.Build.0 = Debug|Any CPU
		{E54DC0C5-2EB1-4966-87D7-E74E105AB314}.CD_ROM|x86.ActiveCfg = Release|Any CPU
		{E54DC0C5-2EB1-4966-87D7-E74E105AB314}.Debug|Any CPU.ActiveCfg = Debug|Any CPU
		{E54DC0C5-2EB1-4966-87D7-E74E105AB314}.Debug|Any CPU.Build.0 = Debug|Any CPU
		{E54DC0C5-2EB1-4966-87D7-E74E105AB314}.Debug|Mixed Platforms.ActiveCfg = Debug|Any CPU
		{E54DC0C5-2EB1-4966-87D7-E74E105AB314}.Debug|Mixed Platforms.Build.0 = Debug|Any CPU
		{E54DC0C5-2EB1-4966-87D7-E74E105AB314}.Debug|x64.ActiveCfg = Debug|Any CPU
		{E54DC0C5-2EB1-4966-87D7-E74E105AB314}.Debug|x64.Build.0 = Debug|Any CPU
		{E54DC0C5-2EB1-4966-87D7-E74E105AB314}.Debug|x86.ActiveCfg = Debug|Any CPU
		{E54DC0C5-2EB1-4966-87D7-E74E105AB314}.DVD-5|Any CPU.ActiveCfg = Debug|Any CPU
		{E54DC0C5-2EB1-4966-87D7-E74E105AB314}.DVD-5|Any CPU.Build.0 = Debug|Any CPU
		{E54DC0C5-2EB1-4966-87D7-E74E105AB314}.DVD-5|Mixed Platforms.ActiveCfg = Debug|Any CPU
		{E54DC0C5-2EB1-4966-87D7-E74E105AB314}.DVD-5|Mixed Platforms.Build.0 = Debug|Any CPU
		{E54DC0C5-2EB1-4966-87D7-E74E105AB314}.DVD-5|x64.ActiveCfg = Debug|Any CPU
		{E54DC0C5-2EB1-4966-87D7-E74E105AB314}.DVD-5|x64.Build.0 = Debug|Any CPU
		{E54DC0C5-2EB1-4966-87D7-E74E105AB314}.DVD-5|x86.ActiveCfg = Debug|Any CPU
		{E54DC0C5-2EB1-4966-87D7-E74E105AB314}.Release|Any CPU.ActiveCfg = Release|Any CPU
		{E54DC0C5-2EB1-4966-87D7-E74E105AB314}.Release|Any CPU.Build.0 = Release|Any CPU
		{E54DC0C5-2EB1-4966-87D7-E74E105AB314}.Release|Mixed Platforms.ActiveCfg = Release|Any CPU
		{E54DC0C5-2EB1-4966-87D7-E74E105AB314}.Release|Mixed Platforms.Build.0 = Release|Any CPU
		{E54DC0C5-2EB1-4966-87D7-E74E105AB314}.Release|x64.ActiveCfg = Release|Any CPU
		{E54DC0C5-2EB1-4966-87D7-E74E105AB314}.Release|x64.Build.0 = Release|Any CPU
		{E54DC0C5-2EB1-4966-87D7-E74E105AB314}.Release|x86.ActiveCfg = Release|Any CPU
		{E54DC0C5-2EB1-4966-87D7-E74E105AB314}.SingleImage|Any CPU.ActiveCfg = Release|Any CPU
		{E54DC0C5-2EB1-4966-87D7-E74E105AB314}.SingleImage|Any CPU.Build.0 = Release|Any CPU
		{E54DC0C5-2EB1-4966-87D7-E74E105AB314}.SingleImage|Mixed Platforms.ActiveCfg = Release|Any CPU
		{E54DC0C5-2EB1-4966-87D7-E74E105AB314}.SingleImage|Mixed Platforms.Build.0 = Release|Any CPU
		{E54DC0C5-2EB1-4966-87D7-E74E105AB314}.SingleImage|x64.ActiveCfg = Debug|Any CPU
		{E54DC0C5-2EB1-4966-87D7-E74E105AB314}.SingleImage|x64.Build.0 = Debug|Any CPU
		{E54DC0C5-2EB1-4966-87D7-E74E105AB314}.SingleImage|x86.ActiveCfg = Release|Any CPU
		{0EA3E5E1-2431-4626-AE83-60D8939DD53E}.CD_ROM|Any CPU.ActiveCfg = Release|Any CPU
		{0EA3E5E1-2431-4626-AE83-60D8939DD53E}.CD_ROM|Any CPU.Build.0 = Release|Any CPU
		{0EA3E5E1-2431-4626-AE83-60D8939DD53E}.CD_ROM|Mixed Platforms.ActiveCfg = Release|Any CPU
		{0EA3E5E1-2431-4626-AE83-60D8939DD53E}.CD_ROM|Mixed Platforms.Build.0 = Release|Any CPU
		{0EA3E5E1-2431-4626-AE83-60D8939DD53E}.CD_ROM|x64.ActiveCfg = Debug|Any CPU
		{0EA3E5E1-2431-4626-AE83-60D8939DD53E}.CD_ROM|x64.Build.0 = Debug|Any CPU
		{0EA3E5E1-2431-4626-AE83-60D8939DD53E}.CD_ROM|x86.ActiveCfg = Release|Any CPU
		{0EA3E5E1-2431-4626-AE83-60D8939DD53E}.Debug|Any CPU.ActiveCfg = Debug|Any CPU
		{0EA3E5E1-2431-4626-AE83-60D8939DD53E}.Debug|Any CPU.Build.0 = Debug|Any CPU
		{0EA3E5E1-2431-4626-AE83-60D8939DD53E}.Debug|Mixed Platforms.ActiveCfg = Debug|Any CPU
		{0EA3E5E1-2431-4626-AE83-60D8939DD53E}.Debug|Mixed Platforms.Build.0 = Debug|Any CPU
		{0EA3E5E1-2431-4626-AE83-60D8939DD53E}.Debug|x64.ActiveCfg = Debug|Any CPU
		{0EA3E5E1-2431-4626-AE83-60D8939DD53E}.Debug|x64.Build.0 = Debug|Any CPU
		{0EA3E5E1-2431-4626-AE83-60D8939DD53E}.Debug|x86.ActiveCfg = Debug|Any CPU
		{0EA3E5E1-2431-4626-AE83-60D8939DD53E}.DVD-5|Any CPU.ActiveCfg = Debug|Any CPU
		{0EA3E5E1-2431-4626-AE83-60D8939DD53E}.DVD-5|Any CPU.Build.0 = Debug|Any CPU
		{0EA3E5E1-2431-4626-AE83-60D8939DD53E}.DVD-5|Mixed Platforms.ActiveCfg = Debug|Any CPU
		{0EA3E5E1-2431-4626-AE83-60D8939DD53E}.DVD-5|Mixed Platforms.Build.0 = Debug|Any CPU
		{0EA3E5E1-2431-4626-AE83-60D8939DD53E}.DVD-5|x64.ActiveCfg = Debug|Any CPU
		{0EA3E5E1-2431-4626-AE83-60D8939DD53E}.DVD-5|x64.Build.0 = Debug|Any CPU
		{0EA3E5E1-2431-4626-AE83-60D8939DD53E}.DVD-5|x86.ActiveCfg = Debug|Any CPU
		{0EA3E5E1-2431-4626-AE83-60D8939DD53E}.Release|Any CPU.ActiveCfg = Release|Any CPU
		{0EA3E5E1-2431-4626-AE83-60D8939DD53E}.Release|Any CPU.Build.0 = Release|Any CPU
		{0EA3E5E1-2431-4626-AE83-60D8939DD53E}.Release|Mixed Platforms.ActiveCfg = Release|Any CPU
		{0EA3E5E1-2431-4626-AE83-60D8939DD53E}.Release|Mixed Platforms.Build.0 = Release|Any CPU
		{0EA3E5E1-2431-4626-AE83-60D8939DD53E}.Release|x64.ActiveCfg = Release|Any CPU
		{0EA3E5E1-2431-4626-AE83-60D8939DD53E}.Release|x64.Build.0 = Release|Any CPU
		{0EA3E5E1-2431-4626-AE83-60D8939DD53E}.Release|x86.ActiveCfg = Release|Any CPU
		{0EA3E5E1-2431-4626-AE83-60D8939DD53E}.SingleImage|Any CPU.ActiveCfg = Release|Any CPU
		{0EA3E5E1-2431-4626-AE83-60D8939DD53E}.SingleImage|Any CPU.Build.0 = Release|Any CPU
		{0EA3E5E1-2431-4626-AE83-60D8939DD53E}.SingleImage|Mixed Platforms.ActiveCfg = Release|Any CPU
		{0EA3E5E1-2431-4626-AE83-60D8939DD53E}.SingleImage|Mixed Platforms.Build.0 = Release|Any CPU
		{0EA3E5E1-2431-4626-AE83-60D8939DD53E}.SingleImage|x64.ActiveCfg = Debug|Any CPU
		{0EA3E5E1-2431-4626-AE83-60D8939DD53E}.SingleImage|x64.Build.0 = Debug|Any CPU
		{0EA3E5E1-2431-4626-AE83-60D8939DD53E}.SingleImage|x86.ActiveCfg = Release|Any CPU
		{64FDA1D1-B3C5-4263-A37A-D7964732943E}.CD_ROM|Any CPU.ActiveCfg = Release|Any CPU
		{64FDA1D1-B3C5-4263-A37A-D7964732943E}.CD_ROM|Any CPU.Build.0 = Release|Any CPU
		{64FDA1D1-B3C5-4263-A37A-D7964732943E}.CD_ROM|Mixed Platforms.ActiveCfg = Release|x86
		{64FDA1D1-B3C5-4263-A37A-D7964732943E}.CD_ROM|Mixed Platforms.Build.0 = Release|x86
		{64FDA1D1-B3C5-4263-A37A-D7964732943E}.CD_ROM|x64.ActiveCfg = Release|x64
		{64FDA1D1-B3C5-4263-A37A-D7964732943E}.CD_ROM|x64.Build.0 = Release|x64
		{64FDA1D1-B3C5-4263-A37A-D7964732943E}.CD_ROM|x86.ActiveCfg = Release|x86
		{64FDA1D1-B3C5-4263-A37A-D7964732943E}.CD_ROM|x86.Build.0 = Release|x86
		{64FDA1D1-B3C5-4263-A37A-D7964732943E}.Debug|Any CPU.ActiveCfg = Debug|Any CPU
		{64FDA1D1-B3C5-4263-A37A-D7964732943E}.Debug|Any CPU.Build.0 = Debug|Any CPU
		{64FDA1D1-B3C5-4263-A37A-D7964732943E}.Debug|Mixed Platforms.ActiveCfg = Debug|x86
		{64FDA1D1-B3C5-4263-A37A-D7964732943E}.Debug|Mixed Platforms.Build.0 = Debug|x86
		{64FDA1D1-B3C5-4263-A37A-D7964732943E}.Debug|x64.ActiveCfg = Debug|x64
		{64FDA1D1-B3C5-4263-A37A-D7964732943E}.Debug|x64.Build.0 = Debug|x64
		{64FDA1D1-B3C5-4263-A37A-D7964732943E}.Debug|x86.ActiveCfg = Debug|x86
		{64FDA1D1-B3C5-4263-A37A-D7964732943E}.Debug|x86.Build.0 = Debug|x86
		{64FDA1D1-B3C5-4263-A37A-D7964732943E}.DVD-5|Any CPU.ActiveCfg = Debug|Any CPU
		{64FDA1D1-B3C5-4263-A37A-D7964732943E}.DVD-5|Any CPU.Build.0 = Debug|Any CPU
		{64FDA1D1-B3C5-4263-A37A-D7964732943E}.DVD-5|Mixed Platforms.ActiveCfg = Debug|x86
		{64FDA1D1-B3C5-4263-A37A-D7964732943E}.DVD-5|Mixed Platforms.Build.0 = Debug|x86
		{64FDA1D1-B3C5-4263-A37A-D7964732943E}.DVD-5|x64.ActiveCfg = Debug|x64
		{64FDA1D1-B3C5-4263-A37A-D7964732943E}.DVD-5|x64.Build.0 = Debug|x64
		{64FDA1D1-B3C5-4263-A37A-D7964732943E}.DVD-5|x86.ActiveCfg = Debug|x86
		{64FDA1D1-B3C5-4263-A37A-D7964732943E}.DVD-5|x86.Build.0 = Debug|x86
		{64FDA1D1-B3C5-4263-A37A-D7964732943E}.Release|Any CPU.ActiveCfg = Release|Any CPU
		{64FDA1D1-B3C5-4263-A37A-D7964732943E}.Release|Any CPU.Build.0 = Release|Any CPU
		{64FDA1D1-B3C5-4263-A37A-D7964732943E}.Release|Mixed Platforms.ActiveCfg = Release|x86
		{64FDA1D1-B3C5-4263-A37A-D7964732943E}.Release|Mixed Platforms.Build.0 = Release|x86
		{64FDA1D1-B3C5-4263-A37A-D7964732943E}.Release|x64.ActiveCfg = Release|x64
		{64FDA1D1-B3C5-4263-A37A-D7964732943E}.Release|x64.Build.0 = Release|x64
		{64FDA1D1-B3C5-4263-A37A-D7964732943E}.Release|x86.ActiveCfg = Release|x86
		{64FDA1D1-B3C5-4263-A37A-D7964732943E}.Release|x86.Build.0 = Release|x86
		{64FDA1D1-B3C5-4263-A37A-D7964732943E}.SingleImage|Any CPU.ActiveCfg = Release|Any CPU
		{64FDA1D1-B3C5-4263-A37A-D7964732943E}.SingleImage|Any CPU.Build.0 = Release|Any CPU
		{64FDA1D1-B3C5-4263-A37A-D7964732943E}.SingleImage|Mixed Platforms.ActiveCfg = Release|x86
		{64FDA1D1-B3C5-4263-A37A-D7964732943E}.SingleImage|Mixed Platforms.Build.0 = Release|x86
		{64FDA1D1-B3C5-4263-A37A-D7964732943E}.SingleImage|x64.ActiveCfg = Release|x64
		{64FDA1D1-B3C5-4263-A37A-D7964732943E}.SingleImage|x64.Build.0 = Release|x64
		{64FDA1D1-B3C5-4263-A37A-D7964732943E}.SingleImage|x86.ActiveCfg = Release|x86
		{64FDA1D1-B3C5-4263-A37A-D7964732943E}.SingleImage|x86.Build.0 = Release|x86
	EndGlobalSection
	GlobalSection(SolutionProperties) = preSolution
		HideSolutionNode = FALSE
	EndGlobalSection
	GlobalSection(NestedProjects) = preSolution
		{27CED651-AD69-4090-8E8A-DFDE0CB64920} = {7D7E645B-97AE-48F4-868A-54BEF948503F}
		{9AC9CC25-7A73-489E-8E4A-739ACFE0417C} = {9B6BD93D-136C-4D1D-848E-16F6C62ED911}
		{D5469314-5082-4BD7-ACD3-86552FA568B6} = {3DC091EF-6413-4B39-A0BC-45F970C62D70}
		{E010CE95-AAA0-415C-A1D2-30493163B806} = {9B6BD93D-136C-4D1D-848E-16F6C62ED911}
		{04C5CEFB-AD91-42A7-A493-20B2EEA918DC} = {E9D06350-B3E1-4831-A4DF-39DDEEBEF034}
		{DE1D303F-DC88-48F7-87DF-00F80ABE1EA5} = {CF3A5A11-3C7F-4DAF-8983-43B43D7F7A2F}
		{E54DC0C5-2EB1-4966-87D7-E74E105AB314} = {E9D06350-B3E1-4831-A4DF-39DDEEBEF034}
		{0EA3E5E1-2431-4626-AE83-60D8939DD53E} = {CF3A5A11-3C7F-4DAF-8983-43B43D7F7A2F}
		{64FDA1D1-B3C5-4263-A37A-D7964732943E} = {FC2FD7DB-3446-49C0-8F0D-D3E69BA358E5}
	EndGlobalSection
	GlobalSection(ExtensibilityGlobals) = postSolution
		SolutionGuid = {8BF62454-B9A5-4F62-9FCD-718D056598EC}
	EndGlobalSection
	GlobalSection(ExtensibilityGlobals) = postSolution
		SolutionGuid = {55A9A240-6FA5-4C88-B03F-93D4B5ED0689}
	EndGlobalSection
EndGlobal
